
Microsoft Visual Studio Solution File, Format Version 12.00
# Visual Studio Version 17
VisualStudioVersion = 17.6.33829.357
MinimumVisualStudioVersion = 10.0.40219.1
Project("{FAE04EC0-301F-11D3-BF4B-00C04F79EFBC}") = "FirstWeb", "FirstWeb.csproj", "{ADBEF20B-65A1-408C-BFA1-CD7C75AEB51A}"
EndProject
Global
	GlobalSection(SolutionConfigurationPlatforms) = preSolution
		Debug|Any CPU = Debug|Any CPU
		Release|Any CPU = Release|Any CPU
	EndGlobalSection
	GlobalSection(ProjectConfigurationPlatforms) = postSolution
		{ADBEF20B-65A1-408C-BFA1-CD7C75AEB51A}.Debug|Any CPU.ActiveCfg = Debug|Any CPU
		{ADBEF20B-65A1-408C-BFA1-CD7C75AEB51A}.Debug|Any CPU.Build.0 = Debug|Any CPU
		{ADBEF20B-65A1-408C-BFA1-CD7C75AEB51A}.Release|Any CPU.ActiveCfg = Release|Any CPU
		{ADBEF20B-65A1-408C-BFA1-CD7C75AEB51A}.Release|Any CPU.Build.0 = Release|Any CPU
	EndGlobalSection
	GlobalSection(SolutionProperties) = preSolution
		HideSolutionNode = FALSE
	EndGlobalSection
	GlobalSection(ExtensibilityGlobals) = postSolution
		SolutionGuid = {D7981961-56E8-4556-8F83-E0F1B297745B}
	EndGlobalSection
EndGlobal
